
Microsoft Visual Studio Solution File, Format Version 12.00
# Visual Studio 15
VisualStudioVersion = 15.0.28010.2026
MinimumVisualStudioVersion = 10.0.40219.1
Project("{9A19103F-16F7-4668-BE54-9A1E7A4F7556}") = "Farf_Project.Web", "Farf_Project.Web\Farf_Project.Web.csproj", "{B4768B90-C9BB-469A-AD42-85D2B5BEDBD1}"
EndProject
Project("{9A19103F-16F7-4668-BE54-9A1E7A4F7556}") = "Farf_Project.Core", "Farf_Project.Core\Farf_Project.Core.csproj", "{43E858C7-C564-4AE7-8604-89915E4ACAA0}"
EndProject
Project("{9A19103F-16F7-4668-BE54-9A1E7A4F7556}") = "Farf_Project.Infrastructure", "Farf_Project.Infrastructure\Farf_Project.Infrastructure.csproj", "{7B11AC44-F36F-48FB-9F7A-713FF67F6178}"
EndProject
Project("{2150E333-8FDC-42A3-9474-1A3956D46DE8}") = "Solution Items", "Solution Items", "{9C871BBA-895D-45A3-A121-EE45B7B80D09}"
	ProjectSection(SolutionItems) = preProject
		.editorconfig = .editorconfig
	EndProjectSection
EndProject
Project("{FAE04EC0-301F-11D3-BF4B-00C04F79EFBC}") = "Farf_Project.Tester", "Farf_Project.Tester\Farf_Project.Tester.csproj", "{AFBB9121-B48D-4023-9D4E-7C2B0DAA9C27}"
EndProject
Global
	GlobalSection(SolutionConfigurationPlatforms) = preSolution
		Debug|Any CPU = Debug|Any CPU
		Release|Any CPU = Release|Any CPU
	EndGlobalSection
	GlobalSection(ProjectConfigurationPlatforms) = postSolution
		{B4768B90-C9BB-469A-AD42-85D2B5BEDBD1}.Debug|Any CPU.ActiveCfg = Debug|Any CPU
		{B4768B90-C9BB-469A-AD42-85D2B5BEDBD1}.Debug|Any CPU.Build.0 = Debug|Any CPU
		{B4768B90-C9BB-469A-AD42-85D2B5BEDBD1}.Release|Any CPU.ActiveCfg = Release|Any CPU
		{B4768B90-C9BB-469A-AD42-85D2B5BEDBD1}.Release|Any CPU.Build.0 = Release|Any CPU
		{43E858C7-C564-4AE7-8604-89915E4ACAA0}.Debug|Any CPU.ActiveCfg = Debug|Any CPU
		{43E858C7-C564-4AE7-8604-89915E4ACAA0}.Debug|Any CPU.Build.0 = Debug|Any CPU
		{43E858C7-C564-4AE7-8604-89915E4ACAA0}.Release|Any CPU.ActiveCfg = Release|Any CPU
		{43E858C7-C564-4AE7-8604-89915E4ACAA0}.Release|Any CPU.Build.0 = Release|Any CPU
		{7B11AC44-F36F-48FB-9F7A-713FF67F6178}.Debug|Any CPU.ActiveCfg = Debug|Any CPU
		{7B11AC44-F36F-48FB-9F7A-713FF67F6178}.Debug|Any CPU.Build.0 = Debug|Any CPU
		{7B11AC44-F36F-48FB-9F7A-713FF67F6178}.Release|Any CPU.ActiveCfg = Release|Any CPU
		{7B11AC44-F36F-48FB-9F7A-713FF67F6178}.Release|Any CPU.Build.0 = Release|Any CPU
		{AFBB9121-B48D-4023-9D4E-7C2B0DAA9C27}.Debug|Any CPU.ActiveCfg = Debug|Any CPU
		{AFBB9121-B48D-4023-9D4E-7C2B0DAA9C27}.Debug|Any CPU.Build.0 = Debug|Any CPU
		{AFBB9121-B48D-4023-9D4E-7C2B0DAA9C27}.Release|Any CPU.ActiveCfg = Release|Any CPU
		{AFBB9121-B48D-4023-9D4E-7C2B0DAA9C27}.Release|Any CPU.Build.0 = Release|Any CPU
	EndGlobalSection
	GlobalSection(SolutionProperties) = preSolution
		HideSolutionNode = FALSE
	EndGlobalSection
	GlobalSection(ExtensibilityGlobals) = postSolution
		SolutionGuid = {45E131A6-9FD5-4ED9-9694-584B8F1F9DDF}
	EndGlobalSection
EndGlobal
